
Microsoft Visual Studio Solution File, Format Version 12.00
# Visual Studio 15
VisualStudioVersion = 15.0.27004.2009
MinimumVisualStudioVersion = 10.0.40219.1
Project("{FAE04EC0-301F-11D3-BF4B-00C04F79EFBC}") = "Test", "Test\Test.csproj", "{D1498204-81D4-455F-807F-6E343F82A254}"
EndProject
Project("{FAE04EC0-301F-11D3-BF4B-00C04F79EFBC}") = "DALRESTfulUtil", "DALRESTfulUtil\DALRESTfulUtil.csproj", "{6065A6F1-2896-44D9-874D-1D018B580F23}"
EndProject
Project("{FAE04EC0-301F-11D3-BF4B-00C04F79EFBC}") = "BookServiceRequester", "BookServiceRequester\BookServiceRequester.csproj", "{C255B158-2F10-4B91-A34E-87CBA4580376}"
EndProject
Global
	GlobalSection(SolutionConfigurationPlatforms) = preSolution
		Debug|Any CPU = Debug|Any CPU
		Release|Any CPU = Release|Any CPU
	EndGlobalSection
	GlobalSection(ProjectConfigurationPlatforms) = postSolution
		{D1498204-81D4-455F-807F-6E343F82A254}.Debug|Any CPU.ActiveCfg = Debug|Any CPU
		{D1498204-81D4-455F-807F-6E343F82A254}.Debug|Any CPU.Build.0 = Debug|Any CPU
		{D1498204-81D4-455F-807F-6E343F82A254}.Release|Any CPU.ActiveCfg = Release|Any CPU
		{D1498204-81D4-455F-807F-6E343F82A254}.Release|Any CPU.Build.0 = Release|Any CPU
		{6065A6F1-2896-44D9-874D-1D018B580F23}.Debug|Any CPU.ActiveCfg = Debug|Any CPU
		{6065A6F1-2896-44D9-874D-1D018B580F23}.Debug|Any CPU.Build.0 = Debug|Any CPU
		{6065A6F1-2896-44D9-874D-1D018B580F23}.Release|Any CPU.ActiveCfg = Release|Any CPU
		{6065A6F1-2896-44D9-874D-1D018B580F23}.Release|Any CPU.Build.0 = Release|Any CPU
		{C255B158-2F10-4B91-A34E-87CBA4580376}.Debug|Any CPU.ActiveCfg = Debug|Any CPU
		{C255B158-2F10-4B91-A34E-87CBA4580376}.Debug|Any CPU.Build.0 = Debug|Any CPU
		{C255B158-2F10-4B91-A34E-87CBA4580376}.Release|Any CPU.ActiveCfg = Release|Any CPU
		{C255B158-2F10-4B91-A34E-87CBA4580376}.Release|Any CPU.Build.0 = Release|Any CPU
	EndGlobalSection
	GlobalSection(SolutionProperties) = preSolution
		HideSolutionNode = FALSE
	EndGlobalSection
	GlobalSection(ExtensibilityGlobals) = postSolution
		SolutionGuid = {C72CE9DF-72F4-49B2-BA40-DE1C50B89122}
	EndGlobalSection
EndGlobal
